
Microsoft Visual Studio Solution File, Format Version 12.00
# Visual Studio Version 17
VisualStudioVersion = 17.8.34316.72
MinimumVisualStudioVersion = 10.0.40219.1
Project("{FAE04EC0-301F-11D3-BF4B-00C04F79EFBC}") = "OperationPlugin", "OperationPlugin\OperationPlugin.csproj", "{1A738535-9D3A-4707-B338-5F6E4CF37605}"
EndProject
Project("{FAE04EC0-301F-11D3-BF4B-00C04F79EFBC}") = "Plugin1", "Plugin1\Plugin1.csproj", "{39A5F096-4CA3-4868-A45C-19515E7D8247}"
EndProject
Project("{FAE04EC0-301F-11D3-BF4B-00C04F79EFBC}") = "Plugin2", "Plugin2\Plugin2.csproj", "{09DDA708-15EB-4B2C-88D0-4DBBBD9DB4B3}"
EndProject
Global
	GlobalSection(SolutionConfigurationPlatforms) = preSolution
		Debug|Any CPU = Debug|Any CPU
		Release|Any CPU = Release|Any CPU
	EndGlobalSection
	GlobalSection(ProjectConfigurationPlatforms) = postSolution
		{1A738535-9D3A-4707-B338-5F6E4CF37605}.Debug|Any CPU.ActiveCfg = Debug|Any CPU
		{1A738535-9D3A-4707-B338-5F6E4CF37605}.Debug|Any CPU.Build.0 = Debug|Any CPU
		{1A738535-9D3A-4707-B338-5F6E4CF37605}.Release|Any CPU.ActiveCfg = Release|Any CPU
		{1A738535-9D3A-4707-B338-5F6E4CF37605}.Release|Any CPU.Build.0 = Release|Any CPU
		{39A5F096-4CA3-4868-A45C-19515E7D8247}.Debug|Any CPU.ActiveCfg = Debug|Any CPU
		{39A5F096-4CA3-4868-A45C-19515E7D8247}.Debug|Any CPU.Build.0 = Debug|Any CPU
		{39A5F096-4CA3-4868-A45C-19515E7D8247}.Release|Any CPU.ActiveCfg = Release|Any CPU
		{39A5F096-4CA3-4868-A45C-19515E7D8247}.Release|Any CPU.Build.0 = Release|Any CPU
		{09DDA708-15EB-4B2C-88D0-4DBBBD9DB4B3}.Debug|Any CPU.ActiveCfg = Debug|Any CPU
		{09DDA708-15EB-4B2C-88D0-4DBBBD9DB4B3}.Debug|Any CPU.Build.0 = Debug|Any CPU
		{09DDA708-15EB-4B2C-88D0-4DBBBD9DB4B3}.Release|Any CPU.ActiveCfg = Release|Any CPU
		{09DDA708-15EB-4B2C-88D0-4DBBBD9DB4B3}.Release|Any CPU.Build.0 = Release|Any CPU
	EndGlobalSection
	GlobalSection(SolutionProperties) = preSolution
		HideSolutionNode = FALSE
	EndGlobalSection
	GlobalSection(ExtensibilityGlobals) = postSolution
		SolutionGuid = {7DC8F006-4957-4157-B00F-3AD2BA675BA7}
	EndGlobalSection
EndGlobal
